
Microsoft Visual Studio Solution File, Format Version 12.00
# Visual Studio Version 17
VisualStudioVersion = 17.0.32112.339
MinimumVisualStudioVersion = 15.0.26124.0
Project("{9A19103F-16F7-4668-BE54-9A1E7A4F7556}") = "Versionize", "Versionize\Versionize.csproj", "{915C8D11-F151-444B-889E-01909404E0FB}"
EndProject
Project("{9A19103F-16F7-4668-BE54-9A1E7A4F7556}") = "Versionize.Tests", "Versionize.Tests\Versionize.Tests.csproj", "{FCB2DE7F-42A3-46A8-8808-983EF1CC0192}"
EndProject
Project("{2150E333-8FDC-42A3-9474-1A3956D46DE8}") = "SolutionItems", "SolutionItems", "{D83EB4F0-C17A-4D2D-90E6-C7C7267EFF31}"
	ProjectSection(SolutionItems) = preProject
		.editorconfig = .editorconfig
		README.md = README.md
	EndProjectSection
EndProject
Global
	GlobalSection(SolutionConfigurationPlatforms) = preSolution
		Debug|Any CPU = Debug|Any CPU
		Debug|x64 = Debug|x64
		Debug|x86 = Debug|x86
		Release|Any CPU = Release|Any CPU
		Release|x64 = Release|x64
		Release|x86 = Release|x86
	EndGlobalSection
	GlobalSection(ProjectConfigurationPlatforms) = postSolution
		{915C8D11-F151-444B-889E-01909404E0FB}.Debug|Any CPU.ActiveCfg = Debug|Any CPU
		{915C8D11-F151-444B-889E-01909404E0FB}.Debug|Any CPU.Build.0 = Debug|Any CPU
		{915C8D11-F151-444B-889E-01909404E0FB}.Debug|x64.ActiveCfg = Debug|Any CPU
		{915C8D11-F151-444B-889E-01909404E0FB}.Debug|x64.Build.0 = Debug|Any CPU
		{915C8D11-F151-444B-889E-01909404E0FB}.Debug|x86.ActiveCfg = Debug|Any CPU
		{915C8D11-F151-444B-889E-01909404E0FB}.Debug|x86.Build.0 = Debug|Any CPU
		{915C8D11-F151-444B-889E-01909404E0FB}.Release|Any CPU.ActiveCfg = Release|Any CPU
		{915C8D11-F151-444B-889E-01909404E0FB}.Release|Any CPU.Build.0 = Release|Any CPU
		{915C8D11-F151-444B-889E-01909404E0FB}.Release|x64.ActiveCfg = Release|Any CPU
		{915C8D11-F151-444B-889E-01909404E0FB}.Release|x64.Build.0 = Release|Any CPU
		{915C8D11-F151-444B-889E-01909404E0FB}.Release|x86.ActiveCfg = Release|Any CPU
		{915C8D11-F151-444B-889E-01909404E0FB}.Release|x86.Build.0 = Release|Any CPU
		{FCB2DE7F-42A3-46A8-8808-983EF1CC0192}.Debug|Any CPU.ActiveCfg = Debug|Any CPU
		{FCB2DE7F-42A3-46A8-8808-983EF1CC0192}.Debug|Any CPU.Build.0 = Debug|Any CPU
		{FCB2DE7F-42A3-46A8-8808-983EF1CC0192}.Debug|x64.ActiveCfg = Debug|Any CPU
		{FCB2DE7F-42A3-46A8-8808-983EF1CC0192}.Debug|x64.Build.0 = Debug|Any CPU
		{FCB2DE7F-42A3-46A8-8808-983EF1CC0192}.Debug|x86.ActiveCfg = Debug|Any CPU
		{FCB2DE7F-42A3-46A8-8808-983EF1CC0192}.Debug|x86.Build.0 = Debug|Any CPU
		{FCB2DE7F-42A3-46A8-8808-983EF1CC0192}.Release|Any CPU.ActiveCfg = Release|Any CPU
		{FCB2DE7F-42A3-46A8-8808-983EF1CC0192}.Release|Any CPU.Build.0 = Release|Any CPU
		{FCB2DE7F-42A3-46A8-8808-983EF1CC0192}.Release|x64.ActiveCfg = Release|Any CPU
		{FCB2DE7F-42A3-46A8-8808-983EF1CC0192}.Release|x64.Build.0 = Release|Any CPU
		{FCB2DE7F-42A3-46A8-8808-983EF1CC0192}.Release|x86.ActiveCfg = Release|Any CPU
		{FCB2DE7F-42A3-46A8-8808-983EF1CC0192}.Release|x86.Build.0 = Release|Any CPU
	EndGlobalSection
	GlobalSection(SolutionProperties) = preSolution
		HideSolutionNode = FALSE
	EndGlobalSection
	GlobalSection(ExtensibilityGlobals) = postSolution
		SolutionGuid = {22B7E703-23A2-4B46-9B6D-B2C9BF4C869D}
	EndGlobalSection
EndGlobal
